
Microsoft Visual Studio Solution File, Format Version 12.00
# Visual Studio 2013
VisualStudioVersion = 12.0.0.0
MinimumVisualStudioVersion = 10.0.0.1
Project("{FAE04EC0-301F-11D3-BF4B-00C04F79EFBC}") = "MIPTCore", "MIPTCore/MIPTCore.csproj", "{294C45BF-DD65-49CC-AC22-C5E8570B1765}"
EndProject
Project("{2150E333-8FDC-42A3-9474-1A3956D46DE8}") = "Infrastructure", "Infrastructure", "{E2FE57A9-FB33-4D04-901A-FB15C5D04372}"
EndProject
Project("{2150E333-8FDC-42A3-9474-1A3956D46DE8}") = "Domain", "Domain", "{79DDA439-A139-45AF-B517-5DB126E2C0D7}"
EndProject
Project("{2150E333-8FDC-42A3-9474-1A3956D46DE8}") = "Tests", "Tests", "{32DB16C0-71C6-49B9-9F35-78019D526FA3}"
EndProject
Project("{FAE04EC0-301F-11D3-BF4B-00C04F79EFBC}") = "IntegrationTestProject", "IntegrationTestProject\IntegrationTestProject.csproj", "{A0D0EED1-A357-4C6A-BA41-7E4514C948DB}"
EndProject
Project("{FAE04EC0-301F-11D3-BF4B-00C04F79EFBC}") = "Common", "Domain\Common\Common.csproj", "{C2C25B2B-C332-40FF-81A4-72200D87A45E}"
EndProject
Project("{FAE04EC0-301F-11D3-BF4B-00C04F79EFBC}") = "FileManagment", "Domain\FileManagment\FileManagment.csproj", "{1F1585C2-D59F-4BD3-99C2-2E09C65399B5}"
EndProject
Project("{FAE04EC0-301F-11D3-BF4B-00C04F79EFBC}") = "UserManagment", "Domain\UserManagment\UserManagment.csproj", "{7D0FECFF-1D81-449A-9A88-DDF047ECB7EB}"
EndProject
Project("{FAE04EC0-301F-11D3-BF4B-00C04F79EFBC}") = "DataAccess", "Infrastructure\DataAccess\DataAccess.csproj", "{448C1E33-A2F3-46E6-8E4A-7B82053DE8EA}"
EndProject
Project("{FAE04EC0-301F-11D3-BF4B-00C04F79EFBC}") = "CapitalManagment", "Domain\CapitalManagment\CapitalManagment.csproj", "{8E1A98F3-560A-476B-91D6-014793FE91A4}"
EndProject
Project("{FAE04EC0-301F-11D3-BF4B-00C04F79EFBC}") = "SchemaCreator", "Infrastructure\SchemaCreator\SchemaCreator.csproj", "{FB383027-C928-46EB-9CAF-8021C236F3F6}"
EndProject
Global
	GlobalSection(SolutionConfigurationPlatforms) = preSolution
		Debug|Any CPU = Debug|Any CPU
		Release|Any CPU = Release|Any CPU
	EndGlobalSection
	GlobalSection(ProjectConfigurationPlatforms) = postSolution
		{294C45BF-DD65-49CC-AC22-C5E8570B1765}.Debug|Any CPU.ActiveCfg = Debug|Any CPU
		{294C45BF-DD65-49CC-AC22-C5E8570B1765}.Debug|Any CPU.Build.0 = Debug|Any CPU
		{294C45BF-DD65-49CC-AC22-C5E8570B1765}.Release|Any CPU.ActiveCfg = Release|Any CPU
		{294C45BF-DD65-49CC-AC22-C5E8570B1765}.Release|Any CPU.Build.0 = Release|Any CPU
		{A0D0EED1-A357-4C6A-BA41-7E4514C948DB}.Debug|Any CPU.ActiveCfg = Debug|Any CPU
		{A0D0EED1-A357-4C6A-BA41-7E4514C948DB}.Debug|Any CPU.Build.0 = Debug|Any CPU
		{A0D0EED1-A357-4C6A-BA41-7E4514C948DB}.Release|Any CPU.ActiveCfg = Release|Any CPU
		{A0D0EED1-A357-4C6A-BA41-7E4514C948DB}.Release|Any CPU.Build.0 = Release|Any CPU
		{C2C25B2B-C332-40FF-81A4-72200D87A45E}.Debug|Any CPU.ActiveCfg = Debug|Any CPU
		{C2C25B2B-C332-40FF-81A4-72200D87A45E}.Debug|Any CPU.Build.0 = Debug|Any CPU
		{C2C25B2B-C332-40FF-81A4-72200D87A45E}.Release|Any CPU.ActiveCfg = Release|Any CPU
		{C2C25B2B-C332-40FF-81A4-72200D87A45E}.Release|Any CPU.Build.0 = Release|Any CPU
		{1F1585C2-D59F-4BD3-99C2-2E09C65399B5}.Debug|Any CPU.ActiveCfg = Debug|Any CPU
		{1F1585C2-D59F-4BD3-99C2-2E09C65399B5}.Debug|Any CPU.Build.0 = Debug|Any CPU
		{1F1585C2-D59F-4BD3-99C2-2E09C65399B5}.Release|Any CPU.ActiveCfg = Release|Any CPU
		{1F1585C2-D59F-4BD3-99C2-2E09C65399B5}.Release|Any CPU.Build.0 = Release|Any CPU
		{7D0FECFF-1D81-449A-9A88-DDF047ECB7EB}.Debug|Any CPU.ActiveCfg = Debug|Any CPU
		{7D0FECFF-1D81-449A-9A88-DDF047ECB7EB}.Debug|Any CPU.Build.0 = Debug|Any CPU
		{7D0FECFF-1D81-449A-9A88-DDF047ECB7EB}.Release|Any CPU.ActiveCfg = Release|Any CPU
		{7D0FECFF-1D81-449A-9A88-DDF047ECB7EB}.Release|Any CPU.Build.0 = Release|Any CPU
		{448C1E33-A2F3-46E6-8E4A-7B82053DE8EA}.Debug|Any CPU.ActiveCfg = Debug|Any CPU
		{448C1E33-A2F3-46E6-8E4A-7B82053DE8EA}.Debug|Any CPU.Build.0 = Debug|Any CPU
		{448C1E33-A2F3-46E6-8E4A-7B82053DE8EA}.Release|Any CPU.ActiveCfg = Release|Any CPU
		{448C1E33-A2F3-46E6-8E4A-7B82053DE8EA}.Release|Any CPU.Build.0 = Release|Any CPU
		{8E1A98F3-560A-476B-91D6-014793FE91A4}.Debug|Any CPU.ActiveCfg = Debug|Any CPU
		{8E1A98F3-560A-476B-91D6-014793FE91A4}.Debug|Any CPU.Build.0 = Debug|Any CPU
		{8E1A98F3-560A-476B-91D6-014793FE91A4}.Release|Any CPU.ActiveCfg = Release|Any CPU
		{8E1A98F3-560A-476B-91D6-014793FE91A4}.Release|Any CPU.Build.0 = Release|Any CPU
		{FB383027-C928-46EB-9CAF-8021C236F3F6}.Debug|Any CPU.ActiveCfg = Debug|Any CPU
		{FB383027-C928-46EB-9CAF-8021C236F3F6}.Debug|Any CPU.Build.0 = Debug|Any CPU
		{FB383027-C928-46EB-9CAF-8021C236F3F6}.Release|Any CPU.ActiveCfg = Release|Any CPU
		{FB383027-C928-46EB-9CAF-8021C236F3F6}.Release|Any CPU.Build.0 = Release|Any CPU
	EndGlobalSection
	GlobalSection(SolutionProperties) = preSolution
		HideSolutionNode = FALSE
	EndGlobalSection
	GlobalSection(NestedProjects) = preSolution
		{A0D0EED1-A357-4C6A-BA41-7E4514C948DB} = {32DB16C0-71C6-49B9-9F35-78019D526FA3}
		{C2C25B2B-C332-40FF-81A4-72200D87A45E} = {79DDA439-A139-45AF-B517-5DB126E2C0D7}
		{1F1585C2-D59F-4BD3-99C2-2E09C65399B5} = {79DDA439-A139-45AF-B517-5DB126E2C0D7}
		{7D0FECFF-1D81-449A-9A88-DDF047ECB7EB} = {79DDA439-A139-45AF-B517-5DB126E2C0D7}
		{448C1E33-A2F3-46E6-8E4A-7B82053DE8EA} = {E2FE57A9-FB33-4D04-901A-FB15C5D04372}
		{8E1A98F3-560A-476B-91D6-014793FE91A4} = {79DDA439-A139-45AF-B517-5DB126E2C0D7}
		{FB383027-C928-46EB-9CAF-8021C236F3F6} = {E2FE57A9-FB33-4D04-901A-FB15C5D04372}
	EndGlobalSection
EndGlobal
